
Microsoft Visual Studio Solution File, Format Version 12.00
# Visual Studio Version 17
VisualStudioVersion = 17.7.34202.233
MinimumVisualStudioVersion = 10.0.40219.1
Project("{FAE04EC0-301F-11D3-BF4B-00C04F79EFBC}") = "ApiDani", "ApiDani.csproj", "{ABCAF7E0-688B-4AC3-91CE-92977A5C0D69}"
EndProject
Global
	GlobalSection(SolutionConfigurationPlatforms) = preSolution
		Debug|Any CPU = Debug|Any CPU
		Release|Any CPU = Release|Any CPU
	EndGlobalSection
	GlobalSection(ProjectConfigurationPlatforms) = postSolution
		{ABCAF7E0-688B-4AC3-91CE-92977A5C0D69}.Debug|Any CPU.ActiveCfg = Debug|Any CPU
		{ABCAF7E0-688B-4AC3-91CE-92977A5C0D69}.Debug|Any CPU.Build.0 = Debug|Any CPU
		{ABCAF7E0-688B-4AC3-91CE-92977A5C0D69}.Release|Any CPU.ActiveCfg = Release|Any CPU
		{ABCAF7E0-688B-4AC3-91CE-92977A5C0D69}.Release|Any CPU.Build.0 = Release|Any CPU
	EndGlobalSection
	GlobalSection(SolutionProperties) = preSolution
		HideSolutionNode = FALSE
	EndGlobalSection
	GlobalSection(ExtensibilityGlobals) = postSolution
		SolutionGuid = {39DA1BEB-CC62-4B59-B119-2D5DDE0E60BC}
	EndGlobalSection
EndGlobal
